{
    "_readme": [
        "This file locks the dependencies of your project to a known state",
        "Read more about it at https://getcomposer.org/doc/01-basic-usage.md#installing-dependencies",
        "This file is @generated automatically"
    ],
    "content-hash": "1d0720c406f59cc4fbbdcbd91a802a86",
    "packages": [],
    "packages-dev": [
        {
            "name": "npm-asset/jquery",
            "version": "1.12.4",
            "dist": {
                "type": "tar",
                "url": "https://registry.npmjs.org/jquery/-/jquery-1.12.4.tgz",
                "shasum": "01e1dfba290fe73deba77ceeacb0f9ba2fec9e0c"
            },
            "type": "npm-asset-library",
            "extra": {
                "npm-asset-bugs": {
                    "url": "https://github.com/jquery/jquery/issues"
                },
                "npm-asset-main": "dist/jquery.js",
                "npm-asset-directories": [],
                "npm-asset-repository": {
                    "type": "git",
                    "url": "git+https://github.com/jquery/jquery.git"
                },
                "npm-asset-scripts": {
                    "build": "npm install && grunt",
                    "start": "grunt watch",
                    "test": "grunt && grunt test"
                }
            },
            "license": [
                "MIT"
            ],
            "authors": [
                {
                    "name": "jQuery Foundation and other contributors",
                    "url": "https://github.com/jquery/jquery/blob/1.12-stable/AUTHORS.txt"
                }
            ],
            "description": "JavaScript library for DOM operations",
            "homepage": "http://jquery.com",
            "keywords": [
                "browser",
                "javascript",
                "jquery",
                "library"
            ],
            "time": "2016-05-20T17:19:07+00:00"
        }
    ],
    "aliases": [],
    "minimum-stability": "stable",
    "stability-flags": [],
    "prefer-stable": false,
    "prefer-lowest": false,
    "platform": [],
    "platform-dev": [],
    "plugin-api-version": "1.1.0"
}
